
Microsoft Visual Studio Solution File, Format Version 12.00
# Visual Studio 15
Project("{FAE04EC0-301F-11D3-BF4B-00C04F79EFBC}") = "Arrays", "Arrays\Arrays.csproj", "{DE8F5645-532D-4F36-9E2A-CC5DF70755C2}"
EndProject
Global
	GlobalSection(SolutionConfigurationPlatforms) = preSolution
		Debug|Any CPU = Debug|Any CPU
		Release|Any CPU = Release|Any CPU
	EndGlobalSection
	GlobalSection(ProjectConfigurationPlatforms) = postSolution
		{DE8F5645-532D-4F36-9E2A-CC5DF70755C2}.Debug|Any CPU.ActiveCfg = Debug|Any CPU
		{DE8F5645-532D-4F36-9E2A-CC5DF70755C2}.Debug|Any CPU.Build.0 = Debug|Any CPU
		{DE8F5645-532D-4F36-9E2A-CC5DF70755C2}.Release|Any CPU.ActiveCfg = Release|Any CPU
		{DE8F5645-532D-4F36-9E2A-CC5DF70755C2}.Release|Any CPU.Build.0 = Release|Any CPU
	EndGlobalSection
EndGlobal
