
Microsoft Visual Studio Solution File, Format Version 12.00
# Visual Studio 15
Project("{FAE04EC0-301F-11D3-BF4B-00C04F79EFBC}") = "ejerciciojugadores", "ejerciciojugadores\ejerciciojugadores.csproj", "{BD62A7E5-D5A0-46D1-AD3A-2737A7A649CE}"
EndProject
Global
	GlobalSection(SolutionConfigurationPlatforms) = preSolution
		Debug|Any CPU = Debug|Any CPU
		Release|Any CPU = Release|Any CPU
	EndGlobalSection
	GlobalSection(ProjectConfigurationPlatforms) = postSolution
		{BD62A7E5-D5A0-46D1-AD3A-2737A7A649CE}.Debug|Any CPU.ActiveCfg = Debug|Any CPU
		{BD62A7E5-D5A0-46D1-AD3A-2737A7A649CE}.Debug|Any CPU.Build.0 = Debug|Any CPU
		{BD62A7E5-D5A0-46D1-AD3A-2737A7A649CE}.Release|Any CPU.ActiveCfg = Release|Any CPU
		{BD62A7E5-D5A0-46D1-AD3A-2737A7A649CE}.Release|Any CPU.Build.0 = Release|Any CPU
	EndGlobalSection
EndGlobal
