
Microsoft Visual Studio Solution File, Format Version 12.00
# Visual Studio 15
Project("{FAE04EC0-301F-11D3-BF4B-00C04F79EFBC}") = "excepciones", "excepciones\excepciones.csproj", "{F3DD3E7E-860D-40AE-9C69-3634B13D58EB}"
EndProject
Global
	GlobalSection(SolutionConfigurationPlatforms) = preSolution
		Debug|Any CPU = Debug|Any CPU
		Release|Any CPU = Release|Any CPU
	EndGlobalSection
	GlobalSection(ProjectConfigurationPlatforms) = postSolution
		{F3DD3E7E-860D-40AE-9C69-3634B13D58EB}.Debug|Any CPU.ActiveCfg = Debug|Any CPU
		{F3DD3E7E-860D-40AE-9C69-3634B13D58EB}.Debug|Any CPU.Build.0 = Debug|Any CPU
		{F3DD3E7E-860D-40AE-9C69-3634B13D58EB}.Release|Any CPU.ActiveCfg = Release|Any CPU
		{F3DD3E7E-860D-40AE-9C69-3634B13D58EB}.Release|Any CPU.Build.0 = Release|Any CPU
	EndGlobalSection
EndGlobal
